
Microsoft Visual Studio Solution File, Format Version 12.00
# Visual Studio Version 17
VisualStudioVersion = 17.0.32014.148
MinimumVisualStudioVersion = 10.0.40219.1
Project("{2150E333-8FDC-42A3-9474-1A3956D46DE8}") = "Solution Items", "Solution Items", "{46A0249C-1D8E-4CDA-B792-A90EBD6A9AE2}"
	ProjectSection(SolutionItems) = preProject
		Assignments.md = Assignments.md
		readme.md = readme.md
	EndProjectSection
EndProject
Project("{9A19103F-16F7-4668-BE54-9A1E7A4F7556}") = "Blazor_ServerApp", "Blazor_ServerApp\Blazor_ServerApp.csproj", "{BD9E1DD5-FF66-4F14-AC48-E7FE70E517A7}"
EndProject
Project("{9A19103F-16F7-4668-BE54-9A1E7A4F7556}") = "Blazor_Wasm", "Blazor_Wasm\Blazor_Wasm.csproj", "{BC438F6C-D633-4240-9935-3A2EC1222CAB}"
EndProject
Global
	GlobalSection(SolutionConfigurationPlatforms) = preSolution
		Debug|Any CPU = Debug|Any CPU
		Release|Any CPU = Release|Any CPU
	EndGlobalSection
	GlobalSection(ProjectConfigurationPlatforms) = postSolution
		{BD9E1DD5-FF66-4F14-AC48-E7FE70E517A7}.Debug|Any CPU.ActiveCfg = Debug|Any CPU
		{BD9E1DD5-FF66-4F14-AC48-E7FE70E517A7}.Debug|Any CPU.Build.0 = Debug|Any CPU
		{BD9E1DD5-FF66-4F14-AC48-E7FE70E517A7}.Release|Any CPU.ActiveCfg = Release|Any CPU
		{BD9E1DD5-FF66-4F14-AC48-E7FE70E517A7}.Release|Any CPU.Build.0 = Release|Any CPU
		{BC438F6C-D633-4240-9935-3A2EC1222CAB}.Debug|Any CPU.ActiveCfg = Debug|Any CPU
		{BC438F6C-D633-4240-9935-3A2EC1222CAB}.Debug|Any CPU.Build.0 = Debug|Any CPU
		{BC438F6C-D633-4240-9935-3A2EC1222CAB}.Release|Any CPU.ActiveCfg = Release|Any CPU
		{BC438F6C-D633-4240-9935-3A2EC1222CAB}.Release|Any CPU.Build.0 = Release|Any CPU
	EndGlobalSection
	GlobalSection(SolutionProperties) = preSolution
		HideSolutionNode = FALSE
	EndGlobalSection
	GlobalSection(ExtensibilityGlobals) = postSolution
		SolutionGuid = {DAE85943-3090-492B-864B-B20F03D44F3C}
	EndGlobalSection
EndGlobal
